<?xml version="1.0" encoding="utf-8"?>
<Project ToolsVersion="4.0" xmlns="http://schemas.microsoft.com/developer/msbuild/2003">
  <ItemGroup>
    <Filter Include="Form Files">
      <UniqueIdentifier>{99349809-55BA-4b9d-BF79-8FDBB0286EB3}</UniqueIdentifier>
      <Extensions>ui</Extensions>
      <ParseFiles>false</ParseFiles>
    </Filter>
    <Filter Include="Form Files">
      <UniqueIdentifier>{99349809-55BA-4b9d-BF79-8FDBB0286EB3}</UniqueIdentifier>
      <Extensions>ui</Extensions>
      <ParseFiles>false</ParseFiles>
    </Filter>
    <Filter Include="Generated Files">
      <UniqueIdentifier>{71ED8ED8-ACB9-4CE9-BBE1-E00B30144E11}</UniqueIdentifier>
      <Extensions>cpp;c;cxx;moc;h;def;odl;idl;res;</Extensions>
    </Filter>
    <Filter Include="Generated Files">
      <UniqueIdentifier>{71ED8ED8-ACB9-4CE9-BBE1-E00B30144E11}</UniqueIdentifier>
      <Extensions>cpp;c;cxx;moc;h;def;odl;idl;res;</Extensions>
    </Filter>
    <Filter Include="Header Files">
      <UniqueIdentifier>{93995380-89BD-4b04-88EB-625FBE52EBFB}</UniqueIdentifier>
      <Extensions>h;hpp;hxx;hm;inl;inc;xsd</Extensions>
    </Filter>
    <Filter Include="Header Files">
      <UniqueIdentifier>{93995380-89BD-4b04-88EB-625FBE52EBFB}</UniqueIdentifier>
      <Extensions>h;hpp;hxx;hm;inl;inc;xsd</Extensions>
    </Filter>
    <Filter Include="Resource Files">
      <UniqueIdentifier>{D9D6E242-F8AF-46E4-B9FD-80ECBC20BA3E}</UniqueIdentifier>
      <Extensions>qrc;*</Extensions>
      <ParseFiles>false</ParseFiles>
    </Filter>
    <Filter Include="Resource Files">
      <UniqueIdentifier>{D9D6E242-F8AF-46E4-B9FD-80ECBC20BA3E}</UniqueIdentifier>
      <Extensions>qrc;*</Extensions>
      <ParseFiles>false</ParseFiles>
    </Filter>
    <Filter Include="Source Files">
      <UniqueIdentifier>{4FC737F1-C7A5-4376-A066-2A32D752A2FF}</UniqueIdentifier>
      <Extensions>cpp;c;cxx;def;odl;idl;hpj;bat;asm;asmx</Extensions>
    </Filter>
    <Filter Include="Source Files">
      <UniqueIdentifier>{4FC737F1-C7A5-4376-A066-2A32D752A2FF}</UniqueIdentifier>
      <Extensions>cpp;c;cxx;def;odl;idl;hpj;bat;asm;asmx</Extensions>
    </Filter>
    <Filter Include="Distribution Files">
      <UniqueIdentifier>{B83CAF91-C7BF-462F-B76C-EA11631F866C}</UniqueIdentifier>
      <Extensions>*</Extensions>
      <ParseFiles>false</ParseFiles>
    </Filter>
    <Filter Include="Distribution Files">
      <UniqueIdentifier>{B83CAF91-C7BF-462F-B76C-EA11631F866C}</UniqueIdentifier>
      <Extensions>*</Extensions>
      <ParseFiles>false</ParseFiles>
    </Filter>
    <Filter Include="Generated Files\Debug">
      <UniqueIdentifier>{b36f9d06-7c2d-4c2e-ab18-9e568019024a}</UniqueIdentifier>
      <Extensions>cpp;moc</Extensions>
      <SourceControlFiles>False</SourceControlFiles>
    </Filter>
    <Filter Include="Generated Files\Release">
      <UniqueIdentifier>{9667a325-a983-49e3-9fba-8b9380219e53}</UniqueIdentifier>
      <Extensions>cpp;moc</Extensions>
      <SourceControlFiles>False</SourceControlFiles>
    </Filter>
  </ItemGroup>
  <ItemGroup>
    <ClCompile Include="QtAwesome\QtAwesome.cpp">
      <Filter>Source Files</Filter>
    </ClCompile>
    <ClCompile Include="lib\model\abstractitem.cpp">
      <Filter>Source Files</Filter>
    </ClCompile>
    <ClCompile Include="views\fileslistwidget.cpp">
      <Filter>Source Files</Filter>
    </ClCompile>
    <ClCompile Include="helpers\imagehelper.cpp">
      <Filter>Source Files</Filter>
    </ClCompile>
    <ClCompile Include="lib\views\imageitemdelegate.cpp">
      <Filter>Source Files</Filter>
    </ClCompile>
    <ClCompile Include="views\imageMerging\imagemergingcontroller.cpp">
      <Filter>Source Files</Filter>
    </ClCompile>
    <ClCompile Include="views\imageMerging\imagemergingprocessor.cpp">
      <Filter>Source Files</Filter>
    </ClCompile>
    <ClCompile Include="views\imageMerging\imagemergingview.cpp">
      <Filter>Source Files</Filter>
    </ClCompile>
    <ClCompile Include="controllers\imagemergingworker.cpp">
      <Filter>Source Files</Filter>
    </ClCompile>
    <ClCompile Include="lib\model\image\imageparameter.cpp">
      <Filter>Source Files</Filter>
    </ClCompile>
    <ClCompile Include="lib\model\image\imageparametersmodel.cpp">
      <Filter>Source Files</Filter>
    </ClCompile>
    <ClCompile Include="modules\imageSnap\views\imagesnapslidingview.cpp">
      <Filter>Source Files</Filter>
    </ClCompile>
    <ClCompile Include="modules\imageSnap\imagesnapstore.cpp">
      <Filter>Source Files</Filter>
    </ClCompile>
    <ClCompile Include="main.cpp">
      <Filter>Source Files</Filter>
    </ClCompile>
    <ClCompile Include="mainwindow.cpp">
      <Filter>Source Files</Filter>
    </ClCompile>
    <ClCompile Include="lib\views\materialbutton.cpp">
      <Filter>Source Files</Filter>
    </ClCompile>
    <ClCompile Include="lib\model\matmodel.cpp">
      <Filter>Source Files</Filter>
    </ClCompile>
    <ClCompile Include="lib\model\matmodelitem.cpp">
      <Filter>Source Files</Filter>
    </ClCompile>
    <ClCompile Include="views\imageMerging\mergeresultview.cpp">
      <Filter>Source Files</Filter>
    </ClCompile>
    <ClCompile Include="lib\views\singleimageview.cpp">
      <Filter>Source Files</Filter>
    </ClCompile>
    <ClCompile Include="lib\slidingstackedwidget.cpp">
      <Filter>Source Files</Filter>
    </ClCompile>
    <ClCompile Include="lib\model\image\standardimageitem.cpp">
      <Filter>Source Files</Filter>
    </ClCompile>
    <ClCompile Include="lib\model\image\standardimagemodel.cpp">
      <Filter>Source Files</Filter>
    </ClCompile>
    <ClCompile Include="lib\model\standardmimedata.cpp">
      <Filter>Source Files</Filter>
    </ClCompile>
    <ClCompile Include="lib\model\standardmodel.cpp">
      <Filter>Source Files</Filter>
    </ClCompile>
    <ClCompile Include="controllers\taskscontroller.cpp">
      <Filter>Source Files</Filter>
    </ClCompile>
    <ClCompile Include="views\tasksview.cpp">
      <Filter>Source Files</Filter>
    </ClCompile>
    <ClCompile Include="lib\vent.cpp">
      <Filter>Source Files</Filter>
    </ClCompile>
    <ClCompile Include="lib\viewcontroller.cpp">
      <Filter>Source Files</Filter>
    </ClCompile>
    <ClCompile Include="helpers\viewhelper.cpp">
      <Filter>Source Files</Filter>
    </ClCompile>
    <ClCompile Include="modules\imageSnap\webpageconnector.cpp">
      <Filter>Source Files</Filter>
    </ClCompile>
    <ClCompile Include="views\workspace.cpp">
      <Filter>Source Files</Filter>
    </ClCompile>
    <ClCompile Include="controllers\workspacecontroller.cpp">
      <Filter>Source Files</Filter>
    </ClCompile>
    <ClCompile Include="Debug\moc_QtAwesome.cpp">
      <Filter>Generated Files\Debug</Filter>
    </ClCompile>
    <ClCompile Include="Release\moc_QtAwesome.cpp">
      <Filter>Generated Files\Release</Filter>
    </ClCompile>
    <ClCompile Include="Debug\moc_abstractitem.cpp">
      <Filter>Generated Files\Debug</Filter>
    </ClCompile>
    <ClCompile Include="Release\moc_abstractitem.cpp">
      <Filter>Generated Files\Release</Filter>
    </ClCompile>
    <ClCompile Include="Debug\moc_fileslistwidget.cpp">
      <Filter>Generated Files\Debug</Filter>
    </ClCompile>
    <ClCompile Include="Release\moc_fileslistwidget.cpp">
      <Filter>Generated Files\Release</Filter>
    </ClCompile>
    <ClCompile Include="Debug\moc_imageitemdelegate.cpp">
      <Filter>Generated Files\Debug</Filter>
    </ClCompile>
    <ClCompile Include="Release\moc_imageitemdelegate.cpp">
      <Filter>Generated Files\Release</Filter>
    </ClCompile>
    <ClCompile Include="Debug\moc_imagemergingcontroller.cpp">
      <Filter>Generated Files\Debug</Filter>
    </ClCompile>
    <ClCompile Include="Release\moc_imagemergingcontroller.cpp">
      <Filter>Generated Files\Release</Filter>
    </ClCompile>
    <ClCompile Include="Debug\moc_imagemergingprocessor.cpp">
      <Filter>Generated Files\Debug</Filter>
    </ClCompile>
    <ClCompile Include="Release\moc_imagemergingprocessor.cpp">
      <Filter>Generated Files\Release</Filter>
    </ClCompile>
    <ClCompile Include="Debug\moc_imagemergingview.cpp">
      <Filter>Generated Files\Debug</Filter>
    </ClCompile>
    <ClCompile Include="Release\moc_imagemergingview.cpp">
      <Filter>Generated Files\Release</Filter>
    </ClCompile>
    <ClCompile Include="Debug\moc_imagemergingworker.cpp">
      <Filter>Generated Files\Debug</Filter>
    </ClCompile>
    <ClCompile Include="Release\moc_imagemergingworker.cpp">
      <Filter>Generated Files\Release</Filter>
    </ClCompile>
    <ClCompile Include="Debug\moc_imageparameter.cpp">
      <Filter>Generated Files\Debug</Filter>
    </ClCompile>
    <ClCompile Include="Release\moc_imageparameter.cpp">
      <Filter>Generated Files\Release</Filter>
    </ClCompile>
    <ClCompile Include="Debug\moc_imageparametersmodel.cpp">
      <Filter>Generated Files\Debug</Filter>
    </ClCompile>
    <ClCompile Include="Release\moc_imageparametersmodel.cpp">
      <Filter>Generated Files\Release</Filter>
    </ClCompile>
    <ClCompile Include="Debug\moc_imagesnapcontroller.cpp">
      <Filter>Generated Files\Debug</Filter>
    </ClCompile>
    <ClCompile Include="Release\moc_imagesnapcontroller.cpp">
      <Filter>Generated Files\Release</Filter>
    </ClCompile>
    <ClCompile Include="Debug\moc_imagesnapslidingview.cpp">
      <Filter>Generated Files\Debug</Filter>
    </ClCompile>
    <ClCompile Include="Release\moc_imagesnapslidingview.cpp">
      <Filter>Generated Files\Release</Filter>
    </ClCompile>
    <ClCompile Include="Debug\moc_mainwindow.cpp">
      <Filter>Generated Files\Debug</Filter>
    </ClCompile>
    <ClCompile Include="Release\moc_mainwindow.cpp">
      <Filter>Generated Files\Release</Filter>
    </ClCompile>
    <ClCompile Include="Debug\moc_materialbutton.cpp">
      <Filter>Generated Files\Debug</Filter>
    </ClCompile>
    <ClCompile Include="Release\moc_materialbutton.cpp">
      <Filter>Generated Files\Release</Filter>
    </ClCompile>
    <ClCompile Include="Debug\moc_matmodel.cpp">
      <Filter>Generated Files\Debug</Filter>
    </ClCompile>
    <ClCompile Include="Release\moc_matmodel.cpp">
      <Filter>Generated Files\Release</Filter>
    </ClCompile>
    <ClCompile Include="Debug\moc_matmodelitem.cpp">
      <Filter>Generated Files\Debug</Filter>
    </ClCompile>
    <ClCompile Include="Release\moc_matmodelitem.cpp">
      <Filter>Generated Files\Release</Filter>
    </ClCompile>
    <ClCompile Include="Debug\moc_mergeresultview.cpp">
      <Filter>Generated Files\Debug</Filter>
    </ClCompile>
    <ClCompile Include="Release\moc_mergeresultview.cpp">
      <Filter>Generated Files\Release</Filter>
    </ClCompile>
    <ClCompile Include="Debug\moc_singleimageview.cpp">
      <Filter>Generated Files\Debug</Filter>
    </ClCompile>
    <ClCompile Include="Release\moc_singleimageview.cpp">
      <Filter>Generated Files\Release</Filter>
    </ClCompile>
    <ClCompile Include="Debug\moc_slidingstackedwidget.cpp">
      <Filter>Generated Files\Debug</Filter>
    </ClCompile>
    <ClCompile Include="Release\moc_slidingstackedwidget.cpp">
      <Filter>Generated Files\Release</Filter>
    </ClCompile>
    <ClCompile Include="Debug\moc_standardimageitem.cpp">
      <Filter>Generated Files\Debug</Filter>
    </ClCompile>
    <ClCompile Include="Release\moc_standardimageitem.cpp">
      <Filter>Generated Files\Release</Filter>
    </ClCompile>
    <ClCompile Include="Debug\moc_standardimagemodel.cpp">
      <Filter>Generated Files\Debug</Filter>
    </ClCompile>
    <ClCompile Include="Release\moc_standardimagemodel.cpp">
      <Filter>Generated Files\Release</Filter>
    </ClCompile>
    <ClCompile Include="Debug\moc_standardmimedata.cpp">
      <Filter>Generated Files\Debug</Filter>
    </ClCompile>
    <ClCompile Include="Release\moc_standardmimedata.cpp">
      <Filter>Generated Files\Release</Filter>
    </ClCompile>
    <ClCompile Include="Debug\moc_standardmodel.cpp">
      <Filter>Generated Files\Debug</Filter>
    </ClCompile>
    <ClCompile Include="Release\moc_standardmodel.cpp">
      <Filter>Generated Files\Release</Filter>
    </ClCompile>
    <ClCompile Include="Debug\moc_taskscontroller.cpp">
      <Filter>Generated Files\Debug</Filter>
    </ClCompile>
    <ClCompile Include="Release\moc_taskscontroller.cpp">
      <Filter>Generated Files\Release</Filter>
    </ClCompile>
    <ClCompile Include="Debug\moc_tasksview.cpp">
      <Filter>Generated Files\Debug</Filter>
    </ClCompile>
    <ClCompile Include="Release\moc_tasksview.cpp">
      <Filter>Generated Files\Release</Filter>
    </ClCompile>
    <ClCompile Include="Debug\moc_vent.cpp">
      <Filter>Generated Files\Debug</Filter>
    </ClCompile>
    <ClCompile Include="Release\moc_vent.cpp">
      <Filter>Generated Files\Release</Filter>
    </ClCompile>
    <ClCompile Include="Debug\moc_viewcontroller.cpp">
      <Filter>Generated Files\Debug</Filter>
    </ClCompile>
    <ClCompile Include="Release\moc_viewcontroller.cpp">
      <Filter>Generated Files\Release</Filter>
    </ClCompile>
    <ClCompile Include="Debug\moc_webpageconnector.cpp">
      <Filter>Generated Files\Debug</Filter>
    </ClCompile>
    <ClCompile Include="Release\moc_webpageconnector.cpp">
      <Filter>Generated Files\Release</Filter>
    </ClCompile>
    <ClCompile Include="Debug\moc_workspace.cpp">
      <Filter>Generated Files\Debug</Filter>
    </ClCompile>
    <ClCompile Include="Release\moc_workspace.cpp">
      <Filter>Generated Files\Release</Filter>
    </ClCompile>
    <ClCompile Include="Debug\moc_workspacecontroller.cpp">
      <Filter>Generated Files\Debug</Filter>
    </ClCompile>
    <ClCompile Include="Release\moc_workspacecontroller.cpp">
      <Filter>Generated Files\Release</Filter>
    </ClCompile>
    <ClCompile Include="GeneratedFiles\qrc_QtAwesome.cpp">
      <Filter>Generated Files</Filter>
    </ClCompile>
    <ClCompile Include="GeneratedFiles\qrc_resources.cpp">
      <Filter>Generated Files</Filter>
    </ClCompile>
    <ClCompile Include="modules\imageSnap\imagesnapcontroller.cpp">
      <Filter>Source Files</Filter>
    </ClCompile>
  </ItemGroup>
  <ItemGroup>
    <CustomBuild Include="QtAwesome\QtAwesome.h">
      <Filter>Header Files</Filter>
    </CustomBuild>
    <CustomBuild Include="lib\model\abstractitem.h">
      <Filter>Header Files</Filter>
    </CustomBuild>
    <CustomBuild Include="views\fileslistwidget.h">
      <Filter>Header Files</Filter>
    </CustomBuild>
    <ClInclude Include="helpers\imagehelper.h">
      <Filter>Header Files</Filter>
    </ClInclude>
    <CustomBuild Include="lib\views\imageitemdelegate.h">
      <Filter>Header Files</Filter>
    </CustomBuild>
    <CustomBuild Include="views\imageMerging\imagemergingcontroller.h">
      <Filter>Header Files</Filter>
    </CustomBuild>
    <ClInclude Include="views\imageMerging\imagemerginginputdata.h">
      <Filter>Header Files</Filter>
    </ClInclude>
    <CustomBuild Include="views\imageMerging\imagemergingprocessor.h">
      <Filter>Header Files</Filter>
    </CustomBuild>
    <CustomBuild Include="views\imageMerging\imagemergingview.h">
      <Filter>Header Files</Filter>
    </CustomBuild>
    <CustomBuild Include="controllers\imagemergingworker.h">
      <Filter>Header Files</Filter>
    </CustomBuild>
    <CustomBuild Include="lib\model\image\imageparameter.h">
      <Filter>Header Files</Filter>
    </CustomBuild>
    <CustomBuild Include="lib\model\image\imageparametersmodel.h">
      <Filter>Header Files</Filter>
    </CustomBuild>
    <CustomBuild Include="modules\imageSnap\imagesnapcontroller.h">
      <Filter>Header Files</Filter>
    </CustomBuild>
    <CustomBuild Include="modules\imageSnap\views\imagesnapslidingview.h">
      <Filter>Header Files</Filter>
    </CustomBuild>
    <ClInclude Include="modules\imageSnap\imagesnapstore.h">
      <Filter>Header Files</Filter>
    </ClInclude>
    <CustomBuild Include="mainwindow.h">
      <Filter>Header Files</Filter>
    </CustomBuild>
    <CustomBuild Include="lib\views\materialbutton.h">
      <Filter>Header Files</Filter>
    </CustomBuild>
    <CustomBuild Include="lib\model\matmodel.h">
      <Filter>Header Files</Filter>
    </CustomBuild>
    <CustomBuild Include="lib\model\matmodelitem.h">
      <Filter>Header Files</Filter>
    </CustomBuild>
    <CustomBuild Include="views\imageMerging\mergeresultview.h">
      <Filter>Header Files</Filter>
    </CustomBuild>
    <ClInclude Include="lib\metatypes.h">
      <Filter>Header Files</Filter>
    </ClInclude>
    <CustomBuild Include="lib\views\singleimageview.h">
      <Filter>Header Files</Filter>
    </CustomBuild>
    <CustomBuild Include="lib\slidingstackedwidget.h">
      <Filter>Header Files</Filter>
    </CustomBuild>
    <CustomBuild Include="lib\model\image\standardimageitem.h">
      <Filter>Header Files</Filter>
    </CustomBuild>
    <CustomBuild Include="lib\model\image\standardimagemodel.h">
      <Filter>Header Files</Filter>
    </CustomBuild>
    <CustomBuild Include="lib\model\standardmimedata.h">
      <Filter>Header Files</Filter>
    </CustomBuild>
    <CustomBuild Include="lib\model\standardmodel.h">
      <Filter>Header Files</Filter>
    </CustomBuild>
    <CustomBuild Include="controllers\taskscontroller.h">
      <Filter>Header Files</Filter>
    </CustomBuild>
    <ClInclude Include="controllers\tasksenum.h">
      <Filter>Header Files</Filter>
    </ClInclude>
    <CustomBuild Include="views\tasksview.h">
      <Filter>Header Files</Filter>
    </CustomBuild>
    <CustomBuild Include="lib\vent.h">
      <Filter>Header Files</Filter>
    </CustomBuild>
    <CustomBuild Include="lib\viewcontroller.h">
      <Filter>Header Files</Filter>
    </CustomBuild>
    <ClInclude Include="helpers\viewhelper.h">
      <Filter>Header Files</Filter>
    </ClInclude>
    <CustomBuild Include="modules\imageSnap\webpageconnector.h">
      <Filter>Header Files</Filter>
    </CustomBuild>
    <CustomBuild Include="views\workspace.h">
      <Filter>Header Files</Filter>
    </CustomBuild>
    <CustomBuild Include="controllers\workspacecontroller.h">
      <Filter>Header Files</Filter>
    </CustomBuild>
  </ItemGroup>
  <ItemGroup>
    <CustomBuild Include="mainwindow.ui">
      <Filter>Form Files</Filter>
    </CustomBuild>
  </ItemGroup>
  <ItemGroup>
    <None Include="(1).png">
      <Filter>Resource Files</Filter>
    </None>
    <None Include="resources\images\Add-icon">
      <Filter>Resource Files</Filter>
    </None>
    <None Include="resources\images\Delete-icon.png">
      <Filter>Resource Files</Filter>
    </None>
    <None Include="resources\fonts\FontAwesome.otf">
      <Filter>Resource Files</Filter>
    </None>
    <CustomBuild Include="QtAwesome\QtAwesome.qrc">
      <Filter>Resource Files</Filter>
    </CustomBuild>
    <None Include="resources\images\ajax-loader.gif">
      <Filter>Resource Files</Filter>
    </None>
    <None Include="resources\images\arrow-right.png">
      <Filter>Resource Files</Filter>
    </None>
    <None Include="QtAwesome\fonts\fontawesome-4.3.0.ttf">
      <Filter>Resource Files</Filter>
    </None>
    <None Include="QtAwesome\fonts\fontawesome-webfont.ttf">
      <Filter>Resource Files</Filter>
    </None>
    <None Include="resources\images\icons.png">
      <Filter>Resource Files</Filter>
    </None>
    <None Include="views\imageSnap\index.html">
      <Filter>Resource Files</Filter>
    </None>
    <None Include="resources\images\loader.gif">
      <Filter>Resource Files</Filter>
    </None>
    <None Include="views\imageSnap\js\build\main.bundle.js">
      <Filter>Resource Files</Filter>
    </None>
    <None Include="views\imageSnap\js\src\main.js">
      <Filter>Resource Files</Filter>
    </None>
    <CustomBuild Include="resources.qrc">
      <Filter>Resource Files</Filter>
    </CustomBuild>
    <None Include="stylesheets\stylesheet.css">
      <Filter>Resource Files</Filter>
    </None>
    <None Include="views\imageSnap\index.html" />
    <None Include="views\imageSnap\index.html" />
    <None Include="views\imageSnap\index.html" />
  </ItemGroup>
  <ItemGroup>
    <None Include="views\imageSnap\index.html">
      <Filter>Distribution Files</Filter>
    </None>
    <None Include="views\imageSnap\package.json">
      <Filter>Distribution Files</Filter>
    </None>
  </ItemGroup>
  <ItemGroup>
    <ClInclude Include="GeneratedFiles\ui_mainwindow.h">
      <Filter>Generated Files</Filter>
    </ClInclude>
  </ItemGroup>
  <ItemGroup>
    <Image Include="resources\images\Add-icon (1).png">
      <Filter>Resource Files</Filter>
    </Image>
  </ItemGroup>
</Project>